{
  "name": "JosenBug",
  "version": "0.0.0",
  "lockfileVersion": 1,
  "requires": true,
  "dependencies": {
    "@angular/animations": {
      "version": "6.1.9",
      "resolved": "https://registry.npmjs.org/@angular/animations/-/animations-6.1.9.tgz",
      "integrity": "sha512-bPl5fNn4ja1S2Bn4xRT93wYqx0KjvZrX1FjpQltkf9dMmAdVpYj7spy+eYgClAMfZMWv7pa70F+FtSDkWbgRsA==",
      "requires": {
        "tslib": "1.9.3"
      }
    },
    "@angular/common": {
      "version": "6.1.9",
      "resolved": "https://registry.npmjs.org/@angular/common/-/common-6.1.9.tgz",
      "integrity": "sha512-i35FiFxHC/vBfyYEdprgbedxWuimCbqGSdSQpBUE4jNka80EifG2IAHIk/vAG98z7LSUyo6n7nf6iFDY3GrYZA==",
      "requires": {
        "tslib": "1.9.3"
      }
    },
    "@angular/compiler": {
      "version": "6.1.9",
      "resolved": "https://registry.npmjs.org/@angular/compiler/-/compiler-6.1.9.tgz",
      "integrity": "sha512-TY6axB1c7VvYXf+ebFDq3Ej+edgii3CDxew8HnyTFAWeDF2Gh8io1vTYwtdyDka6U53ASaheM1HpiUjzvYH0jQ==",
      "requires": {
        "tslib": "1.9.3"
      }
    },
    "@angular/core": {
      "version": "6.1.9",
      "resolved": "https://registry.npmjs.org/@angular/core/-/core-6.1.9.tgz",
      "integrity": "sha512-V4XuBvQtS98guRV0Fq661hG9Ij0+4oWyHvIrnqZckuQ9D1G8NSJyZ/Lfh0kBB1cl+mnGe/J9XN1avW7liswDNQ==",
      "requires": {
        "tslib": "1.9.3"
      }
    },
    "@angular/forms": {
      "version": "6.1.9",
      "resolved": "https://registry.npmjs.org/@angular/forms/-/forms-6.1.9.tgz",
      "integrity": "sha512-gNwTCA0nzUR4LlXWPdfYBA+chq4X9mvOBo46+M44TevNwEsip6iSZKp7no9O5dquALOZ2HpFRuRkPoH4lXuVYA==",
      "requires": {
        "tslib": "1.9.3"
      }
    },
    "@angular/http": {
      "version": "6.1.9",
      "resolved": "https://registry.npmjs.org/@angular/http/-/http-6.1.9.tgz",
      "integrity": "sha512-Tm6SA7QIKGT4Bb+xlyPG+ZXrwniNwF+/ejsKcBar8xaligW4+R9oo5Ql6t4HpjafkWIPLBEXyxaiVq1nWPyz7g==",
      "requires": {
        "tslib": "1.9.3"
      }
    },
    "@angular/platform-browser": {
      "version": "6.1.9",
      "resolved": "https://registry.npmjs.org/@angular/platform-browser/-/platform-browser-6.1.9.tgz",
      "integrity": "sha512-/OpLZxpAQW912DnY4/RX0VLYJJ+TaCWMVP/tg7CBYaPpeJve7GHXfZLSJ1p95RhnSyohTYtdtbHG0NDuG8dgqw==",
      "requires": {
        "tslib": "1.9.3"
      }
    },
    "@angular/platform-browser-dynamic": {
      "version": "6.1.9",
      "resolved": "https://registry.npmjs.org/@angular/platform-browser-dynamic/-/platform-browser-dynamic-6.1.9.tgz",
      "integrity": "sha512-PGng7UCrWc5gCNxKo94VSWq0SRdN4jUeTCnX7tEI//Qu+dQPolJkUHPgD9A5UH1pSOEYl/2z+S2bayu+z+9o2w==",
      "requires": {
        "tslib": "1.9.3"
      }
    },
    "@angular/router": {
      "version": "6.1.9",
      "resolved": "https://registry.npmjs.org/@angular/router/-/router-6.1.9.tgz",
      "integrity": "sha512-FQksj8DiiWiY9o/1Ppq335Lr3d5wW3Odzg3yWC3JgFN37GMdCQxX71TX5ls8JeVspTiOeP9Lty99vDgfIcl+9A==",
      "requires": {
        "tslib": "1.9.3"
      }
    },
    "@aspnet/signalr": {
      "version": "1.0.4",
      "resolved": "https://registry.npmjs.org/@aspnet/signalr/-/signalr-1.0.4.tgz",
      "integrity": "sha512-q7HMlTZPkZCa/0UclsXvEyqNirpjRfRuwhjEeADD1i6pqe0Yx5OwuCO7+Xsc6MNKR8vE1C9MyxnSj0SecvUbTA=="
    },
    "@types/bootstrap": {
      "version": "3.3.40",
      "resolved": "https://registry.npmjs.org/@types/bootstrap/-/bootstrap-3.3.40.tgz",
      "integrity": "sha512-TNjl8YuYPxLnQxIN6MRLb7KFK9gWZu2NvcOTh6YjYvdsZK13rs+gO0LisnNguT0AyXZ0XqfFzpj/8s0/SOMEIw==",
      "requires": {
        "@types/jquery": "3.3.12"
      }
    },
    "@types/jquery": {
      "version": "3.3.12",
      "resolved": "https://registry.npmjs.org/@types/jquery/-/jquery-3.3.12.tgz",
      "integrity": "sha512-a5/b8XJyzPA+rzJTZDJUpWSfL7XfmaVmXMwJ/NdWCw0dz8+XRXf2NtutquJ0JOe40lCAjlkpGx7c0L4PEle3Qw==",
      "requires": {
        "@types/sizzle": "2.3.2"
      }
    },
    "@types/jquery.blockui": {
      "version": "0.0.28",
      "resolved": "https://registry.npmjs.org/@types/jquery.blockui/-/jquery.blockui-0.0.28.tgz",
      "integrity": "sha512-6zkA/rYkXjd4H1diYZWxeusFsJ49R+0Q6Gv000TkQ4PCxIAAon7R9kc+OKyXo2oV6IV+i5l4usfwk9TEasbsPw==",
      "requires": {
        "@types/jquery": "3.3.12"
      }
    },
    "@types/jquery.validation": {
      "version": "1.16.5",
      "resolved": "https://registry.npmjs.org/@types/jquery.validation/-/jquery.validation-1.16.5.tgz",
      "integrity": "sha512-KLSZQ6MBx4KbaPDP3WucqXkJojgI29+uVBkcHvzyAUUDdExkd60vNHc7++HhZokWk1e7EExxKHLDEAWaQWC2Vg==",
      "requires": {
        "@types/jquery": "3.3.12"
      }
    },
    "@types/lodash": {
      "version": "4.14.116",
      "resolved": "https://registry.npmjs.org/@types/lodash/-/lodash-4.14.116.tgz",
      "integrity": "sha512-lRnAtKnxMXcYYXqOiotTmJd74uawNWuPnsnPrrO7HiFuE3npE2iQhfABatbYDyxTNqZNuXzcKGhw37R7RjBFLg=="
    },
    "@types/moment": {
      "version": "2.13.0",
      "resolved": "https://registry.npmjs.org/@types/moment/-/moment-2.13.0.tgz",
      "integrity": "sha1-YE69GJvDvDShVIaJQE5hoqSqyJY=",
      "requires": {
        "moment": "2.22.2"
      }
    },
    "@types/moment-timezone": {
      "version": "0.2.35",
      "resolved": "https://registry.npmjs.org/@types/moment-timezone/-/moment-timezone-0.2.35.tgz",
      "integrity": "sha512-HG4pUK/fTrGY3FerMlINxK74MxdAxkCRYrp5AM+oJ2jLcK0jWUi64ZV15JKwDR4TYLIxrT3y9SVnEWcLPbC/YA==",
      "requires": {
        "moment": "2.22.2"
      }
    },
    "@types/sizzle": {
      "version": "2.3.2",
      "resolved": "https://registry.npmjs.org/@types/sizzle/-/sizzle-2.3.2.tgz",
      "integrity": "sha512-7EJYyKTL7tFR8+gDbB6Wwz/arpGa0Mywk1TJbNzKzHtzbwVmY4HR9WqS5VV7dsBUKQmPNr192jHr/VpBluj/hg=="
    },
    "@types/toastr": {
      "version": "2.1.35",
      "resolved": "https://registry.npmjs.org/@types/toastr/-/toastr-2.1.35.tgz",
      "integrity": "sha512-NSPsNyBRxopghpNQLPqMLGK4oDIey5prT6RTkExljOfRrid0bkTr5v9NXYntBOwhEMmHjrmdsxY/g2/eKAJZpg==",
      "requires": {
        "@types/jquery": "3.3.12"
      }
    },
    "abp-ng2-module": {
      "version": "3.2.2",
      "resolved": "https://registry.npmjs.org/abp-ng2-module/-/abp-ng2-module-3.2.2.tgz",
      "integrity": "sha512-NqyH3LPQuTmXMPBn3sO+1CjC0XIgGXtSnwQsq8H9v/biHj8i6r4aLeJ0ZrN/KbaOSb4asUWSXK3F031XW6IMpw=="
    },
    "abp-web-resources": {
      "version": "3.8.4",
      "resolved": "https://registry.npmjs.org/abp-web-resources/-/abp-web-resources-3.8.4.tgz",
      "integrity": "sha512-zLPb8Z3N7U9AZ5mFfqFAYbH44WPMJkWessxaegewrp+68K9UoDCsL+OKc3cxxe8crWzWDLAK3kI4GNuGnIN/Iw=="
    },
    "animate.css": {
      "version": "3.7.0",
      "resolved": "https://registry.npmjs.org/animate.css/-/animate.css-3.7.0.tgz",
      "integrity": "sha512-u3iMXDJr0cxMdQocIciDiou9Au4L5f9uT+/jCtprw3s1j3HcfCuI+khF+90Ps2KdsEhM2soF7SXB4WUvI3HlXg=="
    },
    "block-ui": {
      "version": "2.70.1",
      "resolved": "https://registry.npmjs.org/block-ui/-/block-ui-2.70.1.tgz",
      "integrity": "sha1-yGLWTuYoj7eBIzd8ZoC8erJiED8=",
      "requires": {
        "jquery": "3.3.1"
      }
    },
    "bootstrap": {
      "version": "3.3.7",
      "resolved": "http://registry.npmjs.org/bootstrap/-/bootstrap-3.3.7.tgz",
      "integrity": "sha1-WjiTlFSfIzMIdaOxUGVldPip63E="
    },
    "bootstrap-select": {
      "version": "1.13.2",
      "resolved": "https://registry.npmjs.org/bootstrap-select/-/bootstrap-select-1.13.2.tgz",
      "integrity": "sha512-7WMnL+OVgTEMvJEoufEqbKup+BOwvPDB/qyt/CI0Co1HNluRaMZAJSb0b42OQeD7rtC3uz3NW9dUyychADdPKg=="
    },
    "chart.js": {
      "version": "2.7.2",
      "resolved": "https://registry.npmjs.org/chart.js/-/chart.js-2.7.2.tgz",
      "integrity": "sha512-90wl3V9xRZ8tnMvMlpcW+0Yg13BelsGS9P9t0ClaDxv/hdypHDr/YAGf+728m11P5ljwyB0ZHfPKCapZFqSqYA==",
      "requires": {
        "chartjs-color": "2.2.0",
        "moment": "2.22.2"
      }
    },
    "chartjs-color": {
      "version": "2.2.0",
      "resolved": "https://registry.npmjs.org/chartjs-color/-/chartjs-color-2.2.0.tgz",
      "integrity": "sha1-hKL7dVeH7YXDndbdjHsdiEKbrq4=",
      "requires": {
        "chartjs-color-string": "0.5.0",
        "color-convert": "0.5.3"
      }
    },
    "chartjs-color-string": {
      "version": "0.5.0",
      "resolved": "https://registry.npmjs.org/chartjs-color-string/-/chartjs-color-string-0.5.0.tgz",
      "integrity": "sha512-amWNvCOXlOUYxZVDSa0YOab5K/lmEhbFNKI55PWc4mlv28BDzA7zaoQTGxSBgJMHIW+hGX8YUrvw/FH4LyhwSQ==",
      "requires": {
        "color-name": "1.1.4"
      }
    },
    "color-convert": {
      "version": "0.5.3",
      "resolved": "https://registry.npmjs.org/color-convert/-/color-convert-0.5.3.tgz",
      "integrity": "sha1-vbbGnOZg+t/+CwAHzER+G59ygr0="
    },
    "color-name": {
      "version": "1.1.4",
      "resolved": "https://registry.npmjs.org/color-name/-/color-name-1.1.4.tgz",
      "integrity": "sha512-dOy+3AuW3a2wNbZHIuMZpTcgjGuLU/uBL/ubcZF9OXbDo8ff4O8yVp5Bf0efS8uEoYo5q4Fx7dY9OgQGXgAsQA=="
    },
    "core-js": {
      "version": "2.5.7",
      "resolved": "https://registry.npmjs.org/core-js/-/core-js-2.5.7.tgz",
      "integrity": "sha512-RszJCAxg/PP6uzXVXL6BsxSXx/B05oJAQ2vkJRjyjrEcNVycaqOmNb5OTxZPE3xa5gwZduqza6L9JOCenh/Ecw=="
    },
    "es6-object-assign": {
      "version": "1.1.0",
      "resolved": "https://registry.npmjs.org/es6-object-assign/-/es6-object-assign-1.1.0.tgz",
      "integrity": "sha1-wsNYJlYkfDnqEHyx5mUrb58kUjw="
    },
    "eve-raphael": {
      "version": "0.5.0",
      "resolved": "https://registry.npmjs.org/eve-raphael/-/eve-raphael-0.5.0.tgz",
      "integrity": "sha1-F8dUt5K+7z+maE15z1pHxjxM2jA="
    },
    "famfamfam-flags": {
      "version": "1.0.0",
      "resolved": "https://registry.npmjs.org/famfamfam-flags/-/famfamfam-flags-1.0.0.tgz",
      "integrity": "sha1-zXj3dhc6LFlicTMQ3XDBsUHREDw="
    },
    "flot": {
      "version": "0.8.0-alpha",
      "resolved": "https://registry.npmjs.org/flot/-/flot-0.8.0-alpha.tgz",
      "integrity": "sha1-nLvHFHwQpH0lSduQvSmH7BunhLo="
    },
    "font-awesome": {
      "version": "4.7.0",
      "resolved": "https://registry.npmjs.org/font-awesome/-/font-awesome-4.7.0.tgz",
      "integrity": "sha1-j6jPBBGhoxr9B7BtKQK7n8gVoTM="
    },
    "jquery": {
      "version": "3.3.1",
      "resolved": "https://registry.npmjs.org/jquery/-/jquery-3.3.1.tgz",
      "integrity": "sha512-Ubldcmxp5np52/ENotGxlLe6aGMvmF4R8S6tZjsP6Knsaxd/xp3Zrh50cG93lR6nPXyUFwzN3ZSOQI0wRJNdGg=="
    },
    "jquery-countto": {
      "version": "1.2.0",
      "resolved": "https://registry.npmjs.org/jquery-countto/-/jquery-countto-1.2.0.tgz",
      "integrity": "sha1-SfF/yySnRqFouEMh5Q6bd1GBlmA="
    },
    "jquery-migrate": {
      "version": "3.0.1",
      "resolved": "https://registry.npmjs.org/jquery-migrate/-/jquery-migrate-3.0.1.tgz",
      "integrity": "sha512-NYlhcFnRh4Bv9jvadPlcAKQdVGRE0+TSgFYxQ+ZnCxUUHbwd+SjbOg+Xvu1Oea9mpQJ+2VB1eCfcBORWNQsHaA=="
    },
    "jquery-slimscroll": {
      "version": "1.3.8",
      "resolved": "https://registry.npmjs.org/jquery-slimscroll/-/jquery-slimscroll-1.3.8.tgz",
      "integrity": "sha1-hIHETnpHaHZTkIoo9/cK7WTITjY=",
      "requires": {
        "jquery": "3.3.1"
      }
    },
    "jquery-sparkline": {
      "version": "2.4.0",
      "resolved": "https://registry.npmjs.org/jquery-sparkline/-/jquery-sparkline-2.4.0.tgz",
      "integrity": "sha1-G+i3twTdOFcVJwiu+x1KSzpp+zM="
    },
    "js-cookie": {
      "version": "2.2.0",
      "resolved": "https://registry.npmjs.org/js-cookie/-/js-cookie-2.2.0.tgz",
      "integrity": "sha1-Gywnmm7s44ChIWi5JIUmWzWx7/s="
    },
    "lodash": {
      "version": "4.17.11",
      "resolved": "https://registry.npmjs.org/lodash/-/lodash-4.17.11.tgz",
      "integrity": "sha512-cQKh8igo5QUhZ7lg38DYWAxMvjSAKG0A8wGSVimP07SIUEK2UO+arSRKbRZWtelMtN5V0Hkwh5ryOto/SshYIg=="
    },
    "moment": {
      "version": "2.22.2",
      "resolved": "https://registry.npmjs.org/moment/-/moment-2.22.2.tgz",
      "integrity": "sha1-PCV/mDn8DpP/UxSWMiOeuQeD/2Y="
    },
    "moment-timezone": {
      "version": "0.5.21",
      "resolved": "https://registry.npmjs.org/moment-timezone/-/moment-timezone-0.5.21.tgz",
      "integrity": "sha512-j96bAh4otsgj3lKydm3K7kdtA3iKf2m6MY2iSYCzCm5a1zmHo1g+aK3068dDEeocLZQIS9kU8bsdQHLqEvgW0A==",
      "requires": {
        "moment": "2.22.2"
      }
    },
    "morris.js": {
      "version": "0.5.0",
      "resolved": "https://registry.npmjs.org/morris.js/-/morris.js-0.5.0.tgz",
      "integrity": "sha1-cldnE1z64Fmq51mZuyzmocXRtEs="
    },
    "ngx-bootstrap": {
      "version": "3.0.1",
      "resolved": "https://registry.npmjs.org/ngx-bootstrap/-/ngx-bootstrap-3.0.1.tgz",
      "integrity": "sha512-ni91yYtn8ldgf/pxrlwl9lkVcLURGzopSpJnEbbgG1v1EZWTobI8y7J3mx4Kxptkn0EeiQwnLel67G7XJSox4A=="
    },
    "ngx-pagination": {
      "version": "3.2.1",
      "resolved": "https://registry.npmjs.org/ngx-pagination/-/ngx-pagination-3.2.1.tgz",
      "integrity": "sha512-+dprQkYoiNYDZkNAe/1HX0wDFbwCTE31mC2bEQVdI7ZbjEIvGB7R3zp5QoCKgz6cPFatUj4Iw6Ukqp5zx0oT/Q=="
    },
    "node-waves": {
      "version": "0.7.6",
      "resolved": "https://registry.npmjs.org/node-waves/-/node-waves-0.7.6.tgz",
      "integrity": "sha1-8EiQlhkl6Nqrh12ql9FUc053Nf8="
    },
    "promise-polyfill": {
      "version": "6.1.0",
      "resolved": "https://registry.npmjs.org/promise-polyfill/-/promise-polyfill-6.1.0.tgz",
      "integrity": "sha1-36lpQ+qcEh/KTem1hoyznTRy4Fc="
    },
    "push.js": {
      "version": "1.0.4",
      "resolved": "https://registry.npmjs.org/push.js/-/push.js-1.0.4.tgz",
      "integrity": "sha512-aj/KIuPGdsH46Qit5Bj25cP098effzG0lwygMktZmgthfJ7s7hIThjR+3WbUPwZN4Syigo51sN9KsBo/ZHhkZA=="
    },
    "raphael": {
      "version": "2.2.7",
      "resolved": "https://registry.npmjs.org/raphael/-/raphael-2.2.7.tgz",
      "integrity": "sha1-IxsZFB+NCGmG2PrOtm+LVi7iyBA=",
      "requires": {
        "eve-raphael": "0.5.0"
      }
    },
    "rxjs": {
      "version": "6.3.3",
      "resolved": "https://registry.npmjs.org/rxjs/-/rxjs-6.3.3.tgz",
      "integrity": "sha512-JTWmoY9tWCs7zvIk/CvRjhjGaOd+OVBM987mxFo+OW66cGpdKjZcpmc74ES1sB//7Kl/PAe8+wEakuhG4pcgOw==",
      "requires": {
        "tslib": "1.9.3"
      }
    },
    "simple-line-icons": {
      "version": "2.4.1",
      "resolved": "https://registry.npmjs.org/simple-line-icons/-/simple-line-icons-2.4.1.tgz",
      "integrity": "sha1-t1vFoNh+UwkowszaVzUnS7JW8jQ="
    },
    "spin.js": {
      "version": "2.3.2",
      "resolved": "https://registry.npmjs.org/spin.js/-/spin.js-2.3.2.tgz",
      "integrity": "sha1-bKpW1SBnNFD9XPvGlx5tB3LDeho="
    },
    "sweetalert": {
      "version": "2.1.0",
      "resolved": "https://registry.npmjs.org/sweetalert/-/sweetalert-2.1.0.tgz",
      "integrity": "sha512-9YKj0SvjKyBfRWco50UOsIbXVeifYbxzT9Qda7EsqC01eafHGCSG0IR7g942ufjzt7lnwO8ZZBwr6emXv2fQrg==",
      "requires": {
        "es6-object-assign": "1.1.0",
        "promise-polyfill": "6.1.0"
      }
    },
    "toastr": {
      "version": "2.1.4",
      "resolved": "https://registry.npmjs.org/toastr/-/toastr-2.1.4.tgz",
      "integrity": "sha1-i0O+ZPudDEFIcURvLbjoyk6V8YE=",
      "requires": {
        "jquery": "3.3.1"
      }
    },
    "ts-helpers": {
      "version": "1.1.2",
      "resolved": "https://registry.npmjs.org/ts-helpers/-/ts-helpers-1.1.2.tgz",
      "integrity": "sha1-/Gm+nx87rtAfsaDvjUz+dIgU2DU="
    },
    "tslib": {
      "version": "1.9.3",
      "resolved": "https://registry.npmjs.org/tslib/-/tslib-1.9.3.tgz",
      "integrity": "sha512-4krF8scpejhaOgqzBEcGM7yDIEfi0/8+8zDRZhNZZ2kjmHJ4hv3zCbQWxoJGz1iw5U0Jl0nma13xzHXcncMavQ=="
    },
    "web-animations-js": {
      "version": "2.3.1",
      "resolved": "https://registry.npmjs.org/web-animations-js/-/web-animations-js-2.3.1.tgz",
      "integrity": "sha1-Om2bwVGWN3qQ+OKAP6UmIWWwRRA="
    },
    "zone.js": {
      "version": "0.8.26",
      "resolved": "https://registry.npmjs.org/zone.js/-/zone.js-0.8.26.tgz",
      "integrity": "sha512-W9Nj+UmBJG251wkCacIkETgra4QgBo/vgoEkb4a2uoLzpQG7qF9nzwoLXWU5xj3Fg2mxGvEDh47mg24vXccYjA=="
    }
  }
}
